
Microsoft Visual Studio Solution File, Format Version 12.00
# Visual Studio Version 17
VisualStudioVersion = 17.0.31903.59
MinimumVisualStudioVersion = 10.0.40219.1
Project("{FAE04EC0-301F-11D3-BF4B-00C04F79EFBC}") = "Office-Sql", "Office-Sql.csproj", "{240270FE-3292-451B-BF81-FA45DC2CD8A5}"
EndProject
Global
	GlobalSection(SolutionConfigurationPlatforms) = preSolution
		Debug|Any CPU = Debug|Any CPU
		Release|Any CPU = Release|Any CPU
	EndGlobalSection
	GlobalSection(ProjectConfigurationPlatforms) = postSolution
		{240270FE-3292-451B-BF81-FA45DC2CD8A5}.Debug|Any CPU.ActiveCfg = Debug|Any CPU
		{240270FE-3292-451B-BF81-FA45DC2CD8A5}.Debug|Any CPU.Build.0 = Debug|Any CPU
		{240270FE-3292-451B-BF81-FA45DC2CD8A5}.Release|Any CPU.ActiveCfg = Release|Any CPU
		{240270FE-3292-451B-BF81-FA45DC2CD8A5}.Release|Any CPU.Build.0 = Release|Any CPU
	EndGlobalSection
	GlobalSection(SolutionProperties) = preSolution
		HideSolutionNode = FALSE
	EndGlobalSection
	GlobalSection(ExtensibilityGlobals) = postSolution
		SolutionGuid = {C6FF382A-C99B-4911-A607-98A2582A5349}
	EndGlobalSection
EndGlobal
